
Microsoft Visual Studio Solution File, Format Version 12.00
# Visual Studio Version 17
VisualStudioVersion = 17.0.31903.59
MinimumVisualStudioVersion = 10.0.40219.1
Project("{9A19103F-16F7-4668-BE54-9A1E7A4F7556}") = "PasswordValidatorKata", "PasswordValidatorKata\PasswordValidatorKata.csproj", "{1A6B0325-E7AC-4D3C-9D4A-F86508D483C5}"
EndProject
Project("{FAE04EC0-301F-11D3-BF4B-00C04F79EFBC}") = "PasswordValidatorKata.Tests", "PasswordValidatorKata.Tests\PasswordValidatorKata.Tests.csproj", "{DE4D9420-46A8-4167-98DA-A68745A1CC72}"
EndProject
Global
	GlobalSection(SolutionConfigurationPlatforms) = preSolution
		Debug|Any CPU = Debug|Any CPU
		Release|Any CPU = Release|Any CPU
	EndGlobalSection
	GlobalSection(ProjectConfigurationPlatforms) = postSolution
		{1A6B0325-E7AC-4D3C-9D4A-F86508D483C5}.Debug|Any CPU.ActiveCfg = Debug|Any CPU
		{1A6B0325-E7AC-4D3C-9D4A-F86508D483C5}.Debug|Any CPU.Build.0 = Debug|Any CPU
		{1A6B0325-E7AC-4D3C-9D4A-F86508D483C5}.Release|Any CPU.ActiveCfg = Release|Any CPU
		{1A6B0325-E7AC-4D3C-9D4A-F86508D483C5}.Release|Any CPU.Build.0 = Release|Any CPU
		{DE4D9420-46A8-4167-98DA-A68745A1CC72}.Debug|Any CPU.ActiveCfg = Debug|Any CPU
		{DE4D9420-46A8-4167-98DA-A68745A1CC72}.Debug|Any CPU.Build.0 = Debug|Any CPU
		{DE4D9420-46A8-4167-98DA-A68745A1CC72}.Release|Any CPU.ActiveCfg = Release|Any CPU
		{DE4D9420-46A8-4167-98DA-A68745A1CC72}.Release|Any CPU.Build.0 = Release|Any CPU
	EndGlobalSection
	GlobalSection(SolutionProperties) = preSolution
		HideSolutionNode = FALSE
	EndGlobalSection
	GlobalSection(ExtensibilityGlobals) = postSolution
		SolutionGuid = {13B3A2FB-88D3-45B0-B5B2-F770DBAA6171}
	EndGlobalSection
EndGlobal
